// !$*UTF8*$!
{
	archiveVersion = 1;
	classes = {
	};
	objectVersion = 46;
	objects = {

/* Begin PBXBuildFile section */
		177D1F3B1C9F9EED00A8CEAB /* main.m in Sources */ = {isa = PBXBuildFile; fileRef = 177D1F3A1C9F9EED00A8CEAB /* main.m */; };
		177D1F3E1C9F9EED00A8CEAB /* AppDelegate.m in Sources */ = {isa = PBXBuildFile; fileRef = 177D1F3D1C9F9EED00A8CEAB /* AppDelegate.m */; };
		177D1F441C9F9EED00A8CEAB /* Main.storyboard in Resources */ = {isa = PBXBuildFile; fileRef = 177D1F421C9F9EED00A8CEAB /* Main.storyboard */; };
		177D1F471C9F9EED00A8CEAB /* toutiao_io.xcdatamodeld in Sources */ = {isa = PBXBuildFile; fileRef = 177D1F451C9F9EED00A8CEAB /* toutiao_io.xcdatamodeld */; };
		177D1F491C9F9EED00A8CEAB /* Assets.xcassets in Resources */ = {isa = PBXBuildFile; fileRef = 177D1F481C9F9EED00A8CEAB /* Assets.xcassets */; };
		1834FD441CA18B13006B39A2 /* WXHArticle.m in Sources */ = {isa = PBXBuildFile; fileRef = 1834FD431CA18B13006B39A2 /* WXHArticle.m */; };
		1834FD471CA18DEC006B39A2 /* WXHSubject.m in Sources */ = {isa = PBXBuildFile; fileRef = 1834FD461CA18DEC006B39A2 /* WXHSubject.m */; };
		1834FD4A1CA18DFB006B39A2 /* WXHUser.m in Sources */ = {isa = PBXBuildFile; fileRef = 1834FD491CA18DFA006B39A2 /* WXHUser.m */; };
		1834FD4D1CA18E1A006B39A2 /* WXHAuthorInfo.m in Sources */ = {isa = PBXBuildFile; fileRef = 1834FD4C1CA18E1A006B39A2 /* WXHAuthorInfo.m */; };
		1834FD511CA21970006B39A2 /* WXH_APIClient.m in Sources */ = {isa = PBXBuildFile; fileRef = 1834FD501CA21970006B39A2 /* WXH_APIClient.m */; };
		1834FD541CA22083006B39A2 /* WXH_APIClientManager.m in Sources */ = {isa = PBXBuildFile; fileRef = 1834FD531CA22083006B39A2 /* WXH_APIClientManager.m */; };
		1834FD5D1CA232F1006B39A2 /* WXHEssenceController.m in Sources */ = {isa = PBXBuildFile; fileRef = 1834FD5C1CA232F1006B39A2 /* WXHEssenceController.m */; };
		1834FD601CA236E0006B39A2 /* WXHEssenceData.m in Sources */ = {isa = PBXBuildFile; fileRef = 1834FD5F1CA236E0006B39A2 /* WXHEssenceData.m */; };
		1834FD631CA23776006B39A2 /* WXHEssenceResponse.m in Sources */ = {isa = PBXBuildFile; fileRef = 1834FD621CA23776006B39A2 /* WXHEssenceResponse.m */; };
		1834FD661CA24DD5006B39A2 /* WXHSubscribeController.m in Sources */ = {isa = PBXBuildFile; fileRef = 1834FD651CA24DD5006B39A2 /* WXHSubscribeController.m */; };
		1834FD691CA24DF7006B39A2 /* WXHDiscoverController.m in Sources */ = {isa = PBXBuildFile; fileRef = 1834FD681CA24DF7006B39A2 /* WXHDiscoverController.m */; };
		1834FD6C1CA24E1F006B39A2 /* WXHPCenterController.m in Sources */ = {isa = PBXBuildFile; fileRef = 1834FD6B1CA24E1F006B39A2 /* WXHPCenterController.m */; };
		188C64A61CAD6A44006C2E93 /* libxml2.tbd in Frameworks */ = {isa = PBXBuildFile; fileRef = 188C64A51CAD6A44006C2E93 /* libxml2.tbd */; };
		188C64B01CAD6C80006C2E93 /* TFHpple.m in Sources */ = {isa = PBXBuildFile; fileRef = 188C64AB1CAD6C80006C2E93 /* TFHpple.m */; };
		188C64B11CAD6C80006C2E93 /* TFHppleElement.m in Sources */ = {isa = PBXBuildFile; fileRef = 188C64AD1CAD6C80006C2E93 /* TFHppleElement.m */; };
		188C64B21CAD6C80006C2E93 /* XPathQuery.m in Sources */ = {isa = PBXBuildFile; fileRef = 188C64AF1CAD6C80006C2E93 /* XPathQuery.m */; };
		18D1BBEF1CA2B5A9002C95E4 /* WXHTEssenceCell.m in Sources */ = {isa = PBXBuildFile; fileRef = 18D1BBEE1CA2B5A9002C95E4 /* WXHTEssenceCell.m */; };
		18D1BBF21CA40F7E002C95E4 /* WXHArticleController.m in Sources */ = {isa = PBXBuildFile; fileRef = 18D1BBF11CA40F7E002C95E4 /* WXHArticleController.m */; };
		4C461121ECDA18DDA04894C9 /* libPods-toutiao.io.a in Frameworks */ = {isa = PBXBuildFile; fileRef = A080C7BC2AEFF8F4EE2C5753 /* libPods-toutiao.io.a */; };
/* End PBXBuildFile section */

/* Begin PBXFileReference section */
		177D1F361C9F9EED00A8CEAB /* toutiao.io.app */ = {isa = PBXFileReference; explicitFileType = wrapper.application; includeInIndex = 0; path = toutiao.io.app; sourceTree = BUILT_PRODUCTS_DIR; };
		177D1F3A1C9F9EED00A8CEAB /* main.m */ = {isa = PBXFileReference; lastKnownFileType = sourcecode.c.objc; path = main.m; sourceTree = "<group>"; };
		177D1F3C1C9F9EED00A8CEAB /* AppDelegate.h */ = {isa = PBXFileReference; lastKnownFileType = sourcecode.c.h; path = AppDelegate.h; sourceTree = "<group>"; };
		177D1F3D1C9F9EED00A8CEAB /* AppDelegate.m */ = {isa = PBXFileReference; lastKnownFileType = sourcecode.c.objc; path = AppDelegate.m; sourceTree = "<group>"; };
		177D1F431C9F9EED00A8CEAB /* Base */ = {isa = PBXFileReference; lastKnownFileType = file.storyboard; name = Base; path = Base.lproj/Main.storyboard; sourceTree = "<group>"; };
		177D1F461C9F9EED00A8CEAB /* toutiao_io.xcdatamodel */ = {isa = PBXFileReference; lastKnownFileType = wrapper.xcdatamodel; path = toutiao_io.xcdatamodel; sourceTree = "<group>"; };
		177D1F481C9F9EED00A8CEAB /* Assets.xcassets */ = {isa = PBXFileReference; lastKnownFileType = folder.assetcatalog; path = Assets.xcassets; sourceTree = "<group>"; };
		177D1F4D1C9F9EED00A8CEAB /* Info.plist */ = {isa = PBXFileReference; lastKnownFileType = text.plist.xml; path = Info.plist; sourceTree = "<group>"; };
		1834FD421CA18B13006B39A2 /* WXHArticle.h */ = {isa = PBXFileReference; fileEncoding = 4; lastKnownFileType = sourcecode.c.h; path = WXHArticle.h; sourceTree = "<group>"; };
		1834FD431CA18B13006B39A2 /* WXHArticle.m */ = {isa = PBXFileReference; fileEncoding = 4; lastKnownFileType = sourcecode.c.objc; path = WXHArticle.m; sourceTree = "<group>"; };
		1834FD451CA18DEC006B39A2 /* WXHSubject.h */ = {isa = PBXFileReference; fileEncoding = 4; lastKnownFileType = sourcecode.c.h; path = WXHSubject.h; sourceTree = "<group>"; };
		1834FD461CA18DEC006B39A2 /* WXHSubject.m */ = {isa = PBXFileReference; fileEncoding = 4; lastKnownFileType = sourcecode.c.objc; path = WXHSubject.m; sourceTree = "<group>"; };
		1834FD481CA18DFA006B39A2 /* WXHUser.h */ = {isa = PBXFileReference; fileEncoding = 4; lastKnownFileType = sourcecode.c.h; path = WXHUser.h; sourceTree = "<group>"; };
		1834FD491CA18DFA006B39A2 /* WXHUser.m */ = {isa = PBXFileReference; fileEncoding = 4; lastKnownFileType = sourcecode.c.objc; path = WXHUser.m; sourceTree = "<group>"; };
		1834FD4B1CA18E1A006B39A2 /* WXHAuthorInfo.h */ = {isa = PBXFileReference; fileEncoding = 4; lastKnownFileType = sourcecode.c.h; path = WXHAuthorInfo.h; sourceTree = "<group>"; };
		1834FD4C1CA18E1A006B39A2 /* WXHAuthorInfo.m */ = {isa = PBXFileReference; fileEncoding = 4; lastKnownFileType = sourcecode.c.objc; path = WXHAuthorInfo.m; sourceTree = "<group>"; };
		1834FD4F1CA21970006B39A2 /* WXH_APIClient.h */ = {isa = PBXFileReference; fileEncoding = 4; lastKnownFileType = sourcecode.c.h; path = WXH_APIClient.h; sourceTree = "<group>"; };
		1834FD501CA21970006B39A2 /* WXH_APIClient.m */ = {isa = PBXFileReference; fileEncoding = 4; lastKnownFileType = sourcecode.c.objc; path = WXH_APIClient.m; sourceTree = "<group>"; };
		1834FD521CA22083006B39A2 /* WXH_APIClientManager.h */ = {isa = PBXFileReference; fileEncoding = 4; lastKnownFileType = sourcecode.c.h; path = WXH_APIClientManager.h; sourceTree = "<group>"; };
		1834FD531CA22083006B39A2 /* WXH_APIClientManager.m */ = {isa = PBXFileReference; fileEncoding = 4; lastKnownFileType = sourcecode.c.objc; path = WXH_APIClientManager.m; sourceTree = "<group>"; };
		1834FD5A1CA23080006B39A2 /* Toutiao_Prefix.pch */ = {isa = PBXFileReference; lastKnownFileType = sourcecode.c.h; path = Toutiao_Prefix.pch; sourceTree = "<group>"; };
		1834FD5B1CA232F1006B39A2 /* WXHEssenceController.h */ = {isa = PBXFileReference; fileEncoding = 4; lastKnownFileType = sourcecode.c.h; path = WXHEssenceController.h; sourceTree = "<group>"; };
		1834FD5C1CA232F1006B39A2 /* WXHEssenceController.m */ = {isa = PBXFileReference; fileEncoding = 4; lastKnownFileType = sourcecode.c.objc; path = WXHEssenceController.m; sourceTree = "<group>"; };
		1834FD5E1CA236E0006B39A2 /* WXHEssenceData.h */ = {isa = PBXFileReference; fileEncoding = 4; lastKnownFileType = sourcecode.c.h; path = WXHEssenceData.h; sourceTree = "<group>"; };
		1834FD5F1CA236E0006B39A2 /* WXHEssenceData.m */ = {isa = PBXFileReference; fileEncoding = 4; lastKnownFileType = sourcecode.c.objc; path = WXHEssenceData.m; sourceTree = "<group>"; };
		1834FD611CA23776006B39A2 /* WXHEssenceResponse.h */ = {isa = PBXFileReference; fileEncoding = 4; lastKnownFileType = sourcecode.c.h; path = WXHEssenceResponse.h; sourceTree = "<group>"; };
		1834FD621CA23776006B39A2 /* WXHEssenceResponse.m */ = {isa = PBXFileReference; fileEncoding = 4; lastKnownFileType = sourcecode.c.objc; path = WXHEssenceResponse.m; sourceTree = "<group>"; };
		1834FD641CA24DD5006B39A2 /* WXHSubscribeController.h */ = {isa = PBXFileReference; fileEncoding = 4; lastKnownFileType = sourcecode.c.h; path = WXHSubscribeController.h; sourceTree = "<group>"; };
		1834FD651CA24DD5006B39A2 /* WXHSubscribeController.m */ = {isa = PBXFileReference; fileEncoding = 4; lastKnownFileType = sourcecode.c.objc; path = WXHSubscribeController.m; sourceTree = "<group>"; };
		1834FD671CA24DF7006B39A2 /* WXHDiscoverController.h */ = {isa = PBXFileReference; fileEncoding = 4; lastKnownFileType = sourcecode.c.h; path = WXHDiscoverController.h; sourceTree = "<group>"; };
		1834FD681CA24DF7006B39A2 /* WXHDiscoverController.m */ = {isa = PBXFileReference; fileEncoding = 4; lastKnownFileType = sourcecode.c.objc; path = WXHDiscoverController.m; sourceTree = "<group>"; };
		1834FD6A1CA24E1F006B39A2 /* WXHPCenterController.h */ = {isa = PBXFileReference; fileEncoding = 4; lastKnownFileType = sourcecode.c.h; path = WXHPCenterController.h; sourceTree = "<group>"; };
		1834FD6B1CA24E1F006B39A2 /* WXHPCenterController.m */ = {isa = PBXFileReference; fileEncoding = 4; lastKnownFileType = sourcecode.c.objc; path = WXHPCenterController.m; sourceTree = "<group>"; };
		188C64A51CAD6A44006C2E93 /* libxml2.tbd */ = {isa = PBXFileReference; lastKnownFileType = "sourcecode.text-based-dylib-definition"; name = libxml2.tbd; path = usr/lib/libxml2.tbd; sourceTree = SDKROOT; };
		188C64A71CAD6B26006C2E93 /* libxml2.2.tbd */ = {isa = PBXFileReference; lastKnownFileType = "sourcecode.text-based-dylib-definition"; name = libxml2.2.tbd; path = usr/lib/libxml2.2.tbd; sourceTree = SDKROOT; };
		188C64AA1CAD6C80006C2E93 /* TFHpple.h */ = {isa = PBXFileReference; fileEncoding = 4; lastKnownFileType = sourcecode.c.h; path = TFHpple.h; sourceTree = "<group>"; };
		188C64AB1CAD6C80006C2E93 /* TFHpple.m */ = {isa = PBXFileReference; fileEncoding = 4; lastKnownFileType = sourcecode.c.objc; path = TFHpple.m; sourceTree = "<group>"; };
		188C64AC1CAD6C80006C2E93 /* TFHppleElement.h */ = {isa = PBXFileReference; fileEncoding = 4; lastKnownFileType = sourcecode.c.h; path = TFHppleElement.h; sourceTree = "<group>"; };
		188C64AD1CAD6C80006C2E93 /* TFHppleElement.m */ = {isa = PBXFileReference; fileEncoding = 4; lastKnownFileType = sourcecode.c.objc; path = TFHppleElement.m; sourceTree = "<group>"; };
		188C64AE1CAD6C80006C2E93 /* XPathQuery.h */ = {isa = PBXFileReference; fileEncoding = 4; lastKnownFileType = sourcecode.c.h; path = XPathQuery.h; sourceTree = "<group>"; };
		188C64AF1CAD6C80006C2E93 /* XPathQuery.m */ = {isa = PBXFileReference; fileEncoding = 4; lastKnownFileType = sourcecode.c.objc; path = XPathQuery.m; sourceTree = "<group>"; };
		18B352191CA2A6930015A814 /* zh-Hans */ = {isa = PBXFileReference; lastKnownFileType = text.plist.strings; name = "zh-Hans"; path = "zh-Hans.lproj/Main.strings"; sourceTree = "<group>"; };
		18D1BBED1CA2B5A9002C95E4 /* WXHTEssenceCell.h */ = {isa = PBXFileReference; fileEncoding = 4; lastKnownFileType = sourcecode.c.h; path = WXHTEssenceCell.h; sourceTree = "<group>"; };
		18D1BBEE1CA2B5A9002C95E4 /* WXHTEssenceCell.m */ = {isa = PBXFileReference; fileEncoding = 4; lastKnownFileType = sourcecode.c.objc; path = WXHTEssenceCell.m; sourceTree = "<group>"; };
		18D1BBF01CA40F7E002C95E4 /* WXHArticleController.h */ = {isa = PBXFileReference; fileEncoding = 4; lastKnownFileType = sourcecode.c.h; path = WXHArticleController.h; sourceTree = "<group>"; };
		18D1BBF11CA40F7E002C95E4 /* WXHArticleController.m */ = {isa = PBXFileReference; fileEncoding = 4; lastKnownFileType = sourcecode.c.objc; path = WXHArticleController.m; sourceTree = "<group>"; };
		3914B749B5155DF5D6512C38 /* Pods-toutiao.io.release.xcconfig */ = {isa = PBXFileReference; includeInIndex = 1; lastKnownFileType = text.xcconfig; name = "Pods-toutiao.io.release.xcconfig"; path = "Pods/Target Support Files/Pods-toutiao.io/Pods-toutiao.io.release.xcconfig"; sourceTree = "<group>"; };
		A080C7BC2AEFF8F4EE2C5753 /* libPods-toutiao.io.a */ = {isa = PBXFileReference; explicitFileType = archive.ar; includeInIndex = 0; path = "libPods-toutiao.io.a"; sourceTree = BUILT_PRODUCTS_DIR; };
		C810CA725E9C41D3E39C155A /* Pods-toutiao.io.debug.xcconfig */ = {isa = PBXFileReference; includeInIndex = 1; lastKnownFileType = text.xcconfig; name = "Pods-toutiao.io.debug.xcconfig"; path = "Pods/Target Support Files/Pods-toutiao.io/Pods-toutiao.io.debug.xcconfig"; sourceTree = "<group>"; };
/* End PBXFileReference section */

/* Begin PBXFrameworksBuildPhase section */
		177D1F331C9F9EED00A8CEAB /* Frameworks */ = {
			isa = PBXFrameworksBuildPhase;
			buildActionMask = 2147483647;
			files = (
				188C64A61CAD6A44006C2E93 /* libxml2.tbd in Frameworks */,
				4C461121ECDA18DDA04894C9 /* libPods-toutiao.io.a in Frameworks */,
			);
			runOnlyForDeploymentPostprocessing = 0;
		};
/* End PBXFrameworksBuildPhase section */

/* Begin PBXGroup section */
		177D1F2D1C9F9EED00A8CEAB = {
			isa = PBXGroup;
			children = (
				177D1F381C9F9EED00A8CEAB /* toutiao.io */,
				177D1F371C9F9EED00A8CEAB /* Products */,
				D468B5A2282D285CACCF42BA /* Pods */,
				4162620FFDECBC79D757A942 /* Frameworks */,
			);
			sourceTree = "<group>";
		};
		177D1F371C9F9EED00A8CEAB /* Products */ = {
			isa = PBXGroup;
			children = (
				177D1F361C9F9EED00A8CEAB /* toutiao.io.app */,
			);
			name = Products;
			sourceTree = "<group>";
		};
		177D1F381C9F9EED00A8CEAB /* toutiao.io */ = {
			isa = PBXGroup;
			children = (
				1834FD551CA22A86006B39A2 /* Global */,
				1834FD411CA18AC7006B39A2 /* Model */,
				1834FD401CA18AB7006B39A2 /* Main */,
				1834FD3F1CA18A10006B39A2 /* Expand */,
				177D1F391C9F9EED00A8CEAB /* Resource */,
			);
			path = toutiao.io;
			sourceTree = "<group>";
		};
		177D1F391C9F9EED00A8CEAB /* Resource */ = {
			isa = PBXGroup;
			children = (
				1834FD591CA22AF9006B39A2 /* CoreData */,
				1834FD581CA22AEB006B39A2 /* Images */,
				1834FD571CA22ADD006B39A2 /* Plist */,
				1834FD561CA22AC5006B39A2 /* Storyboard */,
			);
			name = Resource;
			sourceTree = "<group>";
		};
		1834FD3F1CA18A10006B39A2 /* Expand */ = {
			isa = PBXGroup;
			children = (
				188C64A91CAD6C61006C2E93 /* Hpple */,
				1834FD4E1CA2192F006B39A2 /* Network */,
			);
			name = Expand;
			sourceTree = "<group>";
		};
		1834FD401CA18AB7006B39A2 /* Main */ = {
			isa = PBXGroup;
			children = (
				18D1BBF31CA40F9A002C95E4 /* Article */,
				18D1BBEB1CA2B48F002C95E4 /* Essence */,
				1834FD641CA24DD5006B39A2 /* WXHSubscribeController.h */,
				1834FD651CA24DD5006B39A2 /* WXHSubscribeController.m */,
				1834FD671CA24DF7006B39A2 /* WXHDiscoverController.h */,
				1834FD681CA24DF7006B39A2 /* WXHDiscoverController.m */,
				1834FD6A1CA24E1F006B39A2 /* WXHPCenterController.h */,
				1834FD6B1CA24E1F006B39A2 /* WXHPCenterController.m */,
			);
			name = Main;
			sourceTree = "<group>";
		};
		1834FD411CA18AC7006B39A2 /* Model */ = {
			isa = PBXGroup;
			children = (
				1834FD421CA18B13006B39A2 /* WXHArticle.h */,
				1834FD431CA18B13006B39A2 /* WXHArticle.m */,
				1834FD451CA18DEC006B39A2 /* WXHSubject.h */,
				1834FD461CA18DEC006B39A2 /* WXHSubject.m */,
				1834FD481CA18DFA006B39A2 /* WXHUser.h */,
				1834FD491CA18DFA006B39A2 /* WXHUser.m */,
				1834FD4B1CA18E1A006B39A2 /* WXHAuthorInfo.h */,
				1834FD4C1CA18E1A006B39A2 /* WXHAuthorInfo.m */,
				1834FD5E1CA236E0006B39A2 /* WXHEssenceData.h */,
				1834FD5F1CA236E0006B39A2 /* WXHEssenceData.m */,
				1834FD611CA23776006B39A2 /* WXHEssenceResponse.h */,
				1834FD621CA23776006B39A2 /* WXHEssenceResponse.m */,
			);
			name = Model;
			sourceTree = "<group>";
		};
		1834FD4E1CA2192F006B39A2 /* Network */ = {
			isa = PBXGroup;
			children = (
				1834FD4F1CA21970006B39A2 /* WXH_APIClient.h */,
				1834FD501CA21970006B39A2 /* WXH_APIClient.m */,
				1834FD521CA22083006B39A2 /* WXH_APIClientManager.h */,
				1834FD531CA22083006B39A2 /* WXH_APIClientManager.m */,
			);
			name = Network;
			sourceTree = "<group>";
		};
		1834FD551CA22A86006B39A2 /* Global */ = {
			isa = PBXGroup;
			children = (
				177D1F3A1C9F9EED00A8CEAB /* main.m */,
				177D1F3C1C9F9EED00A8CEAB /* AppDelegate.h */,
				177D1F3D1C9F9EED00A8CEAB /* AppDelegate.m */,
				1834FD5A1CA23080006B39A2 /* Toutiao_Prefix.pch */,
			);
			name = Global;
			sourceTree = "<group>";
		};
		1834FD561CA22AC5006B39A2 /* Storyboard */ = {
			isa = PBXGroup;
			children = (
				177D1F421C9F9EED00A8CEAB /* Main.storyboard */,
			);
			name = Storyboard;
			sourceTree = "<group>";
		};
		1834FD571CA22ADD006B39A2 /* Plist */ = {
			isa = PBXGroup;
			children = (
				177D1F4D1C9F9EED00A8CEAB /* Info.plist */,
			);
			name = Plist;
			sourceTree = "<group>";
		};
		1834FD581CA22AEB006B39A2 /* Images */ = {
			isa = PBXGroup;
			children = (
				177D1F481C9F9EED00A8CEAB /* Assets.xcassets */,
			);
			name = Images;
			sourceTree = "<group>";
		};
		1834FD591CA22AF9006B39A2 /* CoreData */ = {
			isa = PBXGroup;
			children = (
				177D1F451C9F9EED00A8CEAB /* toutiao_io.xcdatamodeld */,
			);
			name = CoreData;
			sourceTree = "<group>";
		};
		188C64A91CAD6C61006C2E93 /* Hpple */ = {
			isa = PBXGroup;
			children = (
				188C64AA1CAD6C80006C2E93 /* TFHpple.h */,
				188C64AB1CAD6C80006C2E93 /* TFHpple.m */,
				188C64AC1CAD6C80006C2E93 /* TFHppleElement.h */,
				188C64AD1CAD6C80006C2E93 /* TFHppleElement.m */,
				188C64AE1CAD6C80006C2E93 /* XPathQuery.h */,
				188C64AF1CAD6C80006C2E93 /* XPathQuery.m */,
			);
			name = Hpple;
			sourceTree = "<group>";
		};
		18D1BBEB1CA2B48F002C95E4 /* Essence */ = {
			isa = PBXGroup;
			children = (
				18D1BBEC1CA2B4A2002C95E4 /* TableCell */,
				1834FD5B1CA232F1006B39A2 /* WXHEssenceController.h */,
				1834FD5C1CA232F1006B39A2 /* WXHEssenceController.m */,
			);
			name = Essence;
			sourceTree = "<group>";
		};
		18D1BBEC1CA2B4A2002C95E4 /* TableCell */ = {
			isa = PBXGroup;
			children = (
				18D1BBED1CA2B5A9002C95E4 /* WXHTEssenceCell.h */,
				18D1BBEE1CA2B5A9002C95E4 /* WXHTEssenceCell.m */,
			);
			name = TableCell;
			sourceTree = "<group>";
		};
		18D1BBF31CA40F9A002C95E4 /* Article */ = {
			isa = PBXGroup;
			children = (
				18D1BBF01CA40F7E002C95E4 /* WXHArticleController.h */,
				18D1BBF11CA40F7E002C95E4 /* WXHArticleController.m */,
			);
			name = Article;
			sourceTree = "<group>";
		};
		4162620FFDECBC79D757A942 /* Frameworks */ = {
			isa = PBXGroup;
			children = (
				188C64A71CAD6B26006C2E93 /* libxml2.2.tbd */,
				188C64A51CAD6A44006C2E93 /* libxml2.tbd */,
				A080C7BC2AEFF8F4EE2C5753 /* libPods-toutiao.io.a */,
			);
			name = Frameworks;
			sourceTree = "<group>";
		};
		D468B5A2282D285CACCF42BA /* Pods */ = {
			isa = PBXGroup;
			children = (
				C810CA725E9C41D3E39C155A /* Pods-toutiao.io.debug.xcconfig */,
				3914B749B5155DF5D6512C38 /* Pods-toutiao.io.release.xcconfig */,
			);
			name = Pods;
			sourceTree = "<group>";
		};
/* End PBXGroup section */

/* Begin PBXNativeTarget section */
		177D1F351C9F9EED00A8CEAB /* toutiao.io */ = {
			isa = PBXNativeTarget;
			buildConfigurationList = 177D1F501C9F9EED00A8CEAB /* Build configuration list for PBXNativeTarget "toutiao.io" */;
			buildPhases = (
				F77A993E5393346FAEC14AB7 /* Check Pods Manifest.lock */,
				177D1F321C9F9EED00A8CEAB /* Sources */,
				177D1F331C9F9EED00A8CEAB /* Frameworks */,
				177D1F341C9F9EED00A8CEAB /* Resources */,
				10554FCCC08034F9EEB690C5 /* Embed Pods Frameworks */,
				C508C311FDAB4385AF4B72C8 /* Copy Pods Resources */,
			);
			buildRules = (
			);
			dependencies = (
			);
			name = toutiao.io;
			productName = toutiao.io;
			productReference = 177D1F361C9F9EED00A8CEAB /* toutiao.io.app */;
			productType = "com.apple.product-type.application";
		};
/* End PBXNativeTarget section */

/* Begin PBXProject section */
		177D1F2E1C9F9EED00A8CEAB /* Project object */ = {
			isa = PBXProject;
			attributes = {
				CLASSPREFIX = WXH;
				LastUpgradeCheck = 0720;
				ORGANIZATIONNAME = wxh;
				TargetAttributes = {
					177D1F351C9F9EED00A8CEAB = {
						CreatedOnToolsVersion = 7.2.1;
					};
				};
			};
			buildConfigurationList = 177D1F311C9F9EED00A8CEAB /* Build configuration list for PBXProject "toutiao.io" */;
			compatibilityVersion = "Xcode 3.2";
			developmentRegion = English;
			hasScannedForEncodings = 0;
			knownRegions = (
				en,
				Base,
			);
			mainGroup = 177D1F2D1C9F9EED00A8CEAB;
			productRefGroup = 177D1F371C9F9EED00A8CEAB /* Products */;
			projectDirPath = "";
			projectRoot = "";
			targets = (
				177D1F351C9F9EED00A8CEAB /* toutiao.io */,
			);
		};
/* End PBXProject section */

/* Begin PBXResourcesBuildPhase section */
		177D1F341C9F9EED00A8CEAB /* Resources */ = {
			isa = PBXResourcesBuildPhase;
			buildActionMask = 2147483647;
			files = (
				177D1F491C9F9EED00A8CEAB /* Assets.xcassets in Resources */,
				177D1F441C9F9EED00A8CEAB /* Main.storyboard in Resources */,
			);
			runOnlyForDeploymentPostprocessing = 0;
		};
/* End PBXResourcesBuildPhase section */

/* Begin PBXShellScriptBuildPhase section */
		10554FCCC08034F9EEB690C5 /* Embed Pods Frameworks */ = {
			isa = PBXShellScriptBuildPhase;
			buildActionMask = 2147483647;
			files = (
			);
			inputPaths = (
			);
			name = "Embed Pods Frameworks";
			outputPaths = (
			);
			runOnlyForDeploymentPostprocessing = 0;
			shellPath = /bin/sh;
			shellScript = "\"${SRCROOT}/Pods/Target Support Files/Pods-toutiao.io/Pods-toutiao.io-frameworks.sh\"\n";
			showEnvVarsInLog = 0;
		};
		C508C311FDAB4385AF4B72C8 /* Copy Pods Resources */ = {
			isa = PBXShellScriptBuildPhase;
			buildActionMask = 2147483647;
			files = (
			);
			inputPaths = (
			);
			name = "Copy Pods Resources";
			outputPaths = (
			);
			runOnlyForDeploymentPostprocessing = 0;
			shellPath = /bin/sh;
			shellScript = "\"${SRCROOT}/Pods/Target Support Files/Pods-toutiao.io/Pods-toutiao.io-resources.sh\"\n";
			showEnvVarsInLog = 0;
		};
		F77A993E5393346FAEC14AB7 /* Check Pods Manifest.lock */ = {
			isa = PBXShellScriptBuildPhase;
			buildActionMask = 2147483647;
			files = (
			);
			inputPaths = (
			);
			name = "Check Pods Manifest.lock";
			outputPaths = (
			);
			runOnlyForDeploymentPostprocessing = 0;
			shellPath = /bin/sh;
			shellScript = "diff \"${PODS_ROOT}/../Podfile.lock\" \"${PODS_ROOT}/Manifest.lock\" > /dev/null\nif [[ $? != 0 ]] ; then\n    cat << EOM\nerror: The sandbox is not in sync with the Podfile.lock. Run 'pod install' or update your CocoaPods installation.\nEOM\n    exit 1\nfi\n";
			showEnvVarsInLog = 0;
		};
/* End PBXShellScriptBuildPhase section */

/* Begin PBXSourcesBuildPhase section */
		177D1F321C9F9EED00A8CEAB /* Sources */ = {
			isa = PBXSourcesBuildPhase;
			buildActionMask = 2147483647;
			files = (
				188C64B11CAD6C80006C2E93 /* TFHppleElement.m in Sources */,
				1834FD4D1CA18E1A006B39A2 /* WXHAuthorInfo.m in Sources */,
				188C64B21CAD6C80006C2E93 /* XPathQuery.m in Sources */,
				18D1BBF21CA40F7E002C95E4 /* WXHArticleController.m in Sources */,
				1834FD441CA18B13006B39A2 /* WXHArticle.m in Sources */,
				1834FD601CA236E0006B39A2 /* WXHEssenceData.m in Sources */,
				1834FD631CA23776006B39A2 /* WXHEssenceResponse.m in Sources */,
				1834FD691CA24DF7006B39A2 /* WXHDiscoverController.m in Sources */,
				177D1F3E1C9F9EED00A8CEAB /* AppDelegate.m in Sources */,
				1834FD6C1CA24E1F006B39A2 /* WXHPCenterController.m in Sources */,
				177D1F3B1C9F9EED00A8CEAB /* main.m in Sources */,
				1834FD5D1CA232F1006B39A2 /* WXHEssenceController.m in Sources */,
				1834FD661CA24DD5006B39A2 /* WXHSubscribeController.m in Sources */,
				1834FD541CA22083006B39A2 /* WXH_APIClientManager.m in Sources */,
				1834FD471CA18DEC006B39A2 /* WXHSubject.m in Sources */,
				188C64B01CAD6C80006C2E93 /* TFHpple.m in Sources */,
				1834FD511CA21970006B39A2 /* WXH_APIClient.m in Sources */,
				18D1BBEF1CA2B5A9002C95E4 /* WXHTEssenceCell.m in Sources */,
				177D1F471C9F9EED00A8CEAB /* toutiao_io.xcdatamodeld in Sources */,
				1834FD4A1CA18DFB006B39A2 /* WXHUser.m in Sources */,
			);
			runOnlyForDeploymentPostprocessing = 0;
		};
/* End PBXSourcesBuildPhase section */

/* Begin PBXVariantGroup section */
		177D1F421C9F9EED00A8CEAB /* Main.storyboard */ = {
			isa = PBXVariantGroup;
			children = (
				177D1F431C9F9EED00A8CEAB /* Base */,
				18B352191CA2A6930015A814 /* zh-Hans */,
			);
			name = Main.storyboard;
			sourceTree = "<group>";
		};
/* End PBXVariantGroup section */

/* Begin XCBuildConfiguration section */
		177D1F4E1C9F9EED00A8CEAB /* Debug */ = {
			isa = XCBuildConfiguration;
			buildSettings = {
				ALWAYS_SEARCH_USER_PATHS = NO;
				CLANG_CXX_LANGUAGE_STANDARD = "gnu++0x";
				CLANG_CXX_LIBRARY = "libc++";
				CLANG_ENABLE_MODULES = YES;
				CLANG_ENABLE_OBJC_ARC = YES;
				CLANG_WARN_BOOL_CONVERSION = YES;
				CLANG_WARN_CONSTANT_CONVERSION = YES;
				CLANG_WARN_DIRECT_OBJC_ISA_USAGE = YES_ERROR;
				CLANG_WARN_EMPTY_BODY = YES;
				CLANG_WARN_ENUM_CONVERSION = YES;
				CLANG_WARN_INT_CONVERSION = YES;
				CLANG_WARN_OBJC_ROOT_CLASS = YES_ERROR;
				CLANG_WARN_UNREACHABLE_CODE = YES;
				CLANG_WARN__DUPLICATE_METHOD_MATCH = YES;
				"CODE_SIGN_IDENTITY[sdk=iphoneos*]" = "iPhone Developer";
				COPY_PHASE_STRIP = NO;
				DEBUG_INFORMATION_FORMAT = dwarf;
				ENABLE_STRICT_OBJC_MSGSEND = YES;
				ENABLE_TESTABILITY = YES;
				GCC_C_LANGUAGE_STANDARD = gnu99;
				GCC_DYNAMIC_NO_PIC = NO;
				GCC_NO_COMMON_BLOCKS = YES;
				GCC_OPTIMIZATION_LEVEL = 0;
				GCC_PREPROCESSOR_DEFINITIONS = (
					"DEBUG=1",
					"$(inherited)",
				);
				GCC_WARN_64_TO_32_BIT_CONVERSION = YES;
				GCC_WARN_ABOUT_RETURN_TYPE = YES_ERROR;
				GCC_WARN_UNDECLARED_SELECTOR = YES;
				GCC_WARN_UNINITIALIZED_AUTOS = YES_AGGRESSIVE;
				GCC_WARN_UNUSED_FUNCTION = YES;
				GCC_WARN_UNUSED_VARIABLE = YES;
				IPHONEOS_DEPLOYMENT_TARGET = 9.2;
				MTL_ENABLE_DEBUG_INFO = YES;
				ONLY_ACTIVE_ARCH = YES;
				SDKROOT = iphoneos;
			};
			name = Debug;
		};
		177D1F4F1C9F9EED00A8CEAB /* Release */ = {
			isa = XCBuildConfiguration;
			buildSettings = {
				ALWAYS_SEARCH_USER_PATHS = NO;
				CLANG_CXX_LANGUAGE_STANDARD = "gnu++0x";
				CLANG_CXX_LIBRARY = "libc++";
				CLANG_ENABLE_MODULES = YES;
				CLANG_ENABLE_OBJC_ARC = YES;
				CLANG_WARN_BOOL_CONVERSION = YES;
				CLANG_WARN_CONSTANT_CONVERSION = YES;
				CLANG_WARN_DIRECT_OBJC_ISA_USAGE = YES_ERROR;
				CLANG_WARN_EMPTY_BODY = YES;
				CLANG_WARN_ENUM_CONVERSION = YES;
				CLANG_WARN_INT_CONVERSION = YES;
				CLANG_WARN_OBJC_ROOT_CLASS = YES_ERROR;
				CLANG_WARN_UNREACHABLE_CODE = YES;
				CLANG_WARN__DUPLICATE_METHOD_MATCH = YES;
				"CODE_SIGN_IDENTITY[sdk=iphoneos*]" = "iPhone Developer";
				COPY_PHASE_STRIP = NO;
				DEBUG_INFORMATION_FORMAT = "dwarf-with-dsym";
				ENABLE_NS_ASSERTIONS = NO;
				ENABLE_STRICT_OBJC_MSGSEND = YES;
				GCC_C_LANGUAGE_STANDARD = gnu99;
				GCC_NO_COMMON_BLOCKS = YES;
				GCC_WARN_64_TO_32_BIT_CONVERSION = YES;
				GCC_WARN_ABOUT_RETURN_TYPE = YES_ERROR;
				GCC_WARN_UNDECLARED_SELECTOR = YES;
				GCC_WARN_UNINITIALIZED_AUTOS = YES_AGGRESSIVE;
				GCC_WARN_UNUSED_FUNCTION = YES;
				GCC_WARN_UNUSED_VARIABLE = YES;
				IPHONEOS_DEPLOYMENT_TARGET = 9.2;
				MTL_ENABLE_DEBUG_INFO = NO;
				SDKROOT = iphoneos;
				VALIDATE_PRODUCT = YES;
			};
			name = Release;
		};
		177D1F511C9F9EED00A8CEAB /* Debug */ = {
			isa = XCBuildConfiguration;
			baseConfigurationReference = C810CA725E9C41D3E39C155A /* Pods-toutiao.io.debug.xcconfig */;
			buildSettings = {
				ASSETCATALOG_COMPILER_APPICON_NAME = AppIcon;
				ASSETCATALOG_COMPILER_LAUNCHIMAGE_NAME = "Brand Assets";
				GCC_PRECOMPILE_PREFIX_HEADER = YES;
				GCC_PREFIX_HEADER = "$(SRCROOT)/toutiao.io/Toutiao_Prefix.pch";
				HEADER_SEARCH_PATHS = (
					"$(inherited)",
					"\"${PODS_ROOT}/Headers/Public\"",
					"\"${PODS_ROOT}/Headers/Public/AFNetworking\"",
					"\"${PODS_ROOT}/Headers/Public/Aspects\"",
					"\"${PODS_ROOT}/Headers/Public/JSONModel\"",
					"\"${PODS_ROOT}/Headers/Public/Masonry\"",
					"\"${PODS_ROOT}/Headers/Public/NullSafe\"",
					"\"${SDK_DIR}/usr/include/libxml2\"",
					"\"${PODS_ROOT}/Headers/Public/Reachability\"",
					"\"${PODS_ROOT}/Headers/Public/ReactiveCocoa\"",
					"\"${PODS_ROOT}/Headers/Public/SDWebImage\"",
					"\"${PODS_ROOT}/Headers/Public/TTTAttributedLabel\"",
				);
				INFOPLIST_FILE = toutiao.io/Info.plist;
				LD_RUNPATH_SEARCH_PATHS = "$(inherited) @executable_path/Frameworks";
				PRODUCT_BUNDLE_IDENTIFIER = "com.wxh.toutiao-io";
				PRODUCT_NAME = "$(TARGET_NAME)";
			};
			name = Debug;
		};
		177D1F521C9F9EED00A8CEAB /* Release */ = {
			isa = XCBuildConfiguration;
			baseConfigurationReference = 3914B749B5155DF5D6512C38 /* Pods-toutiao.io.release.xcconfig */;
			buildSettings = {
				ASSETCATALOG_COMPILER_APPICON_NAME = AppIcon;
				ASSETCATALOG_COMPILER_LAUNCHIMAGE_NAME = "Brand Assets";
				GCC_PRECOMPILE_PREFIX_HEADER = YES;
				GCC_PREFIX_HEADER = "$(SRCROOT)/toutiao.io/Toutiao_Prefix.pch";
				HEADER_SEARCH_PATHS = (
					"$(inherited)",
					"\"${PODS_ROOT}/Headers/Public\"",
					"\"${PODS_ROOT}/Headers/Public/AFNetworking\"",
					"\"${PODS_ROOT}/Headers/Public/Aspects\"",
					"\"${PODS_ROOT}/Headers/Public/JSONModel\"",
					"\"${PODS_ROOT}/Headers/Public/Masonry\"",
					"\"${PODS_ROOT}/Headers/Public/NullSafe\"",
					"\"${SDK_DIR}/usr/include/libxml2\"",
					"\"${PODS_ROOT}/Headers/Public/Reachability\"",
					"\"${PODS_ROOT}/Headers/Public/ReactiveCocoa\"",
					"\"${PODS_ROOT}/Headers/Public/SDWebImage\"",
					"\"${PODS_ROOT}/Headers/Public/TTTAttributedLabel\"",
				);
				INFOPLIST_FILE = toutiao.io/Info.plist;
				LD_RUNPATH_SEARCH_PATHS = "$(inherited) @executable_path/Frameworks";
				PRODUCT_BUNDLE_IDENTIFIER = "com.wxh.toutiao-io";
				PRODUCT_NAME = "$(TARGET_NAME)";
			};
			name = Release;
		};
/* End XCBuildConfiguration section */

/* Begin XCConfigurationList section */
		177D1F311C9F9EED00A8CEAB /* Build configuration list for PBXProject "toutiao.io" */ = {
			isa = XCConfigurationList;
			buildConfigurations = (
				177D1F4E1C9F9EED00A8CEAB /* Debug */,
				177D1F4F1C9F9EED00A8CEAB /* Release */,
			);
			defaultConfigurationIsVisible = 0;
			defaultConfigurationName = Release;
		};
		177D1F501C9F9EED00A8CEAB /* Build configuration list for PBXNativeTarget "toutiao.io" */ = {
			isa = XCConfigurationList;
			buildConfigurations = (
				177D1F511C9F9EED00A8CEAB /* Debug */,
				177D1F521C9F9EED00A8CEAB /* Release */,
			);
			defaultConfigurationIsVisible = 0;
			defaultConfigurationName = Release;
		};
/* End XCConfigurationList section */

/* Begin XCVersionGroup section */
		177D1F451C9F9EED00A8CEAB /* toutiao_io.xcdatamodeld */ = {
			isa = XCVersionGroup;
			children = (
				177D1F461C9F9EED00A8CEAB /* toutiao_io.xcdatamodel */,
			);
			currentVersion = 177D1F461C9F9EED00A8CEAB /* toutiao_io.xcdatamodel */;
			path = toutiao_io.xcdatamodeld;
			sourceTree = "<group>";
			versionGroupType = wrapper.xcdatamodel;
		};
/* End XCVersionGroup section */
	};
	rootObject = 177D1F2E1C9F9EED00A8CEAB /* Project object */;
}
